
Microsoft Visual Studio Solution File, Format Version 12.00
# Visual Studio Version 17
VisualStudioVersion = 17.8.34330.188
MinimumVisualStudioVersion = 10.0.40219.1
Project("{FAE04EC0-301F-11D3-BF4B-00C04F79EFBC}") = "DynamicForms.Core", "..\DynamicForms\src\DynamicForms.Core\DynamicForms.Core.csproj", "{08C0A744-8535-25EA-2FFD-AE06AD3F656D}"
EndProject
Project("{FAE04EC0-301F-11D3-BF4B-00C04F79EFBC}") = "DynamicForms.RazorPages", "..\DynamicForms\src\DynamicForms.RazorPages\DynamicForms.RazorPages.csproj", "{549CEB2B-7D58-2076-385A-7DCFC0AFED9A}"
EndProject
Project("{FAE04EC0-301F-11D3-BF4B-00C04F79EFBC}") = "DynamicForms.SqlServer", "..\DynamicForms\src\DynamicForms.SqlServer\DynamicForms.SqlServer.csproj", "{5F998301-468C-054C-0020-6B898ED1AF34}"
EndProject
Global
	GlobalSection(SolutionConfigurationPlatforms) = preSolution
		Debug|Any CPU = Debug|Any CPU
		Release|Any CPU = Release|Any CPU
	EndGlobalSection
	GlobalSection(ProjectConfigurationPlatforms) = postSolution
		{08C0A744-8535-25EA-2FFD-AE06AD3F656D}.Debug|Any CPU.ActiveCfg = Debug|Any CPU
		{08C0A744-8535-25EA-2FFD-AE06AD3F656D}.Debug|Any CPU.Build.0 = Debug|Any CPU
		{08C0A744-8535-25EA-2FFD-AE06AD3F656D}.Release|Any CPU.ActiveCfg = Release|Any CPU
		{08C0A744-8535-25EA-2FFD-AE06AD3F656D}.Release|Any CPU.Build.0 = Release|Any CPU
		{549CEB2B-7D58-2076-385A-7DCFC0AFED9A}.Debug|Any CPU.ActiveCfg = Debug|Any CPU
		{549CEB2B-7D58-2076-385A-7DCFC0AFED9A}.Debug|Any CPU.Build.0 = Debug|Any CPU
		{549CEB2B-7D58-2076-385A-7DCFC0AFED9A}.Release|Any CPU.ActiveCfg = Release|Any CPU
		{549CEB2B-7D58-2076-385A-7DCFC0AFED9A}.Release|Any CPU.Build.0 = Release|Any CPU
		{5F998301-468C-054C-0020-6B898ED1AF34}.Debug|Any CPU.ActiveCfg = Debug|Any CPU
		{5F998301-468C-054C-0020-6B898ED1AF34}.Debug|Any CPU.Build.0 = Debug|Any CPU
		{5F998301-468C-054C-0020-6B898ED1AF34}.Release|Any CPU.ActiveCfg = Release|Any CPU
		{5F998301-468C-054C-0020-6B898ED1AF34}.Release|Any CPU.Build.0 = Release|Any CPU
	EndGlobalSection
	GlobalSection(SolutionProperties) = preSolution
		HideSolutionNode = FALSE
	EndGlobalSection
	GlobalSection(ExtensibilityGlobals) = postSolution
		SolutionGuid = {C5678901-2345-6789-0123-456789012345}
	EndGlobalSection
EndGlobal
