
Microsoft Visual Studio Solution File, Format Version 12.00
# Visual Studio Version 17
VisualStudioVersion = 17.8.34330.188
MinimumVisualStudioVersion = 10.0.40219.1
Project("{FAE04EC0-301F-11D3-BF4B-00C04F79EFBC}") = "DynamicForms.Core.V4", "Src\DynamicForms.Core.V4\DynamicForms.Core.V4.csproj", "{9ED143BC-3EE1-4C92-8031-3C7AD30363C1}"
EndProject
Project("{FAE04EC0-301F-11D3-BF4B-00C04F79EFBC}") = "DynamicForms.Editor", "Src\DynamicForms.Editor\DynamicForms.Editor.csproj", "{9AE6B4F1-E677-D479-5D8D-34E3958D7202}"
EndProject
Project("{FAE04EC0-301F-11D3-BF4B-00C04F79EFBC}") = "VisualEditorOpus", "Src\VisualEditorOpus\VisualEditorOpus.csproj", "{8634D1D5-1B5E-3F63-08B5-F13B502AE4F9}"
EndProject
Global
	GlobalSection(SolutionConfigurationPlatforms) = preSolution
		Debug|Any CPU = Debug|Any CPU
		Release|Any CPU = Release|Any CPU
	EndGlobalSection
	GlobalSection(ProjectConfigurationPlatforms) = postSolution
		{9ED143BC-3EE1-4C92-8031-3C7AD30363C1}.Debug|Any CPU.ActiveCfg = Debug|Any CPU
		{9ED143BC-3EE1-4C92-8031-3C7AD30363C1}.Debug|Any CPU.Build.0 = Debug|Any CPU
		{9ED143BC-3EE1-4C92-8031-3C7AD30363C1}.Release|Any CPU.ActiveCfg = Release|Any CPU
		{9ED143BC-3EE1-4C92-8031-3C7AD30363C1}.Release|Any CPU.Build.0 = Release|Any CPU
		{9AE6B4F1-E677-D479-5D8D-34E3958D7202}.Debug|Any CPU.ActiveCfg = Debug|Any CPU
		{9AE6B4F1-E677-D479-5D8D-34E3958D7202}.Debug|Any CPU.Build.0 = Debug|Any CPU
		{9AE6B4F1-E677-D479-5D8D-34E3958D7202}.Release|Any CPU.ActiveCfg = Release|Any CPU
		{9AE6B4F1-E677-D479-5D8D-34E3958D7202}.Release|Any CPU.Build.0 = Release|Any CPU
		{8634D1D5-1B5E-3F63-08B5-F13B502AE4F9}.Debug|Any CPU.ActiveCfg = Debug|Any CPU
		{8634D1D5-1B5E-3F63-08B5-F13B502AE4F9}.Debug|Any CPU.Build.0 = Debug|Any CPU
		{8634D1D5-1B5E-3F63-08B5-F13B502AE4F9}.Release|Any CPU.ActiveCfg = Release|Any CPU
		{8634D1D5-1B5E-3F63-08B5-F13B502AE4F9}.Release|Any CPU.Build.0 = Release|Any CPU
	EndGlobalSection
	GlobalSection(SolutionProperties) = preSolution
		HideSolutionNode = FALSE
	EndGlobalSection
	GlobalSection(ExtensibilityGlobals) = postSolution
		SolutionGuid = {C5678901-2345-6789-0123-456789012345}
	EndGlobalSection
EndGlobal
